
Microsoft Visual Studio Solution File, Format Version 12.00
# Visual Studio 2013
VisualStudioVersion = 12.0.21005.1
MinimumVisualStudioVersion = 10.0.40219.1
Project("{FAE04EC0-301F-11D3-BF4B-00C04F79EFBC}") = "Xj.TwitterExercise.Core", "Xj.TwitterExercise.Core\Xj.TwitterExercise.Core.csproj", "{55281B9A-A14E-4199-9772-B2E86FC750C6}"
EndProject
Project("{FAE04EC0-301F-11D3-BF4B-00C04F79EFBC}") = "Test.TwitterExercise.Core", "Test.TwitterExercise.Core\Test.TwitterExercise.Core.csproj", "{EB47C2DD-81FA-4E2E-BBB8-F38949C5391B}"
EndProject
Project("{FAE04EC0-301F-11D3-BF4B-00C04F79EFBC}") = "Xj.TwitterExercise.Web", "Xj.TwitterExercise.Web\Xj.TwitterExercise.Web.csproj", "{31DC887E-9FD4-4BEC-9600-04F53E769FBF}"
EndProject
Global
	GlobalSection(SolutionConfigurationPlatforms) = preSolution
		Debug|Any CPU = Debug|Any CPU
		Release|Any CPU = Release|Any CPU
	EndGlobalSection
	GlobalSection(ProjectConfigurationPlatforms) = postSolution
		{55281B9A-A14E-4199-9772-B2E86FC750C6}.Debug|Any CPU.ActiveCfg = Debug|Any CPU
		{55281B9A-A14E-4199-9772-B2E86FC750C6}.Debug|Any CPU.Build.0 = Debug|Any CPU
		{55281B9A-A14E-4199-9772-B2E86FC750C6}.Release|Any CPU.ActiveCfg = Release|Any CPU
		{55281B9A-A14E-4199-9772-B2E86FC750C6}.Release|Any CPU.Build.0 = Release|Any CPU
		{EB47C2DD-81FA-4E2E-BBB8-F38949C5391B}.Debug|Any CPU.ActiveCfg = Debug|Any CPU
		{EB47C2DD-81FA-4E2E-BBB8-F38949C5391B}.Debug|Any CPU.Build.0 = Debug|Any CPU
		{EB47C2DD-81FA-4E2E-BBB8-F38949C5391B}.Release|Any CPU.ActiveCfg = Release|Any CPU
		{EB47C2DD-81FA-4E2E-BBB8-F38949C5391B}.Release|Any CPU.Build.0 = Release|Any CPU
		{31DC887E-9FD4-4BEC-9600-04F53E769FBF}.Debug|Any CPU.ActiveCfg = Debug|Any CPU
		{31DC887E-9FD4-4BEC-9600-04F53E769FBF}.Debug|Any CPU.Build.0 = Debug|Any CPU
		{31DC887E-9FD4-4BEC-9600-04F53E769FBF}.Release|Any CPU.ActiveCfg = Release|Any CPU
		{31DC887E-9FD4-4BEC-9600-04F53E769FBF}.Release|Any CPU.Build.0 = Release|Any CPU
	EndGlobalSection
	GlobalSection(SolutionProperties) = preSolution
		HideSolutionNode = FALSE
	EndGlobalSection
EndGlobal
